
Microsoft Visual Studio Solution File, Format Version 12.00
# Visual Studio Version 17
VisualStudioVersion = 17.8.34330.188
MinimumVisualStudioVersion = 10.0.40219.1
Project("{FAE04EC0-301F-11D3-BF4B-00C04F79EFBC}") = "JogoXadrez", "JogoXadrez.csproj", "{61467325-42E1-4805-8253-E3635780DD39}"
EndProject
Global
	GlobalSection(SolutionConfigurationPlatforms) = preSolution
		Debug|Any CPU = Debug|Any CPU
		Release|Any CPU = Release|Any CPU
	EndGlobalSection
	GlobalSection(ProjectConfigurationPlatforms) = postSolution
		{61467325-42E1-4805-8253-E3635780DD39}.Debug|Any CPU.ActiveCfg = Debug|Any CPU
		{61467325-42E1-4805-8253-E3635780DD39}.Debug|Any CPU.Build.0 = Debug|Any CPU
		{61467325-42E1-4805-8253-E3635780DD39}.Release|Any CPU.ActiveCfg = Release|Any CPU
		{61467325-42E1-4805-8253-E3635780DD39}.Release|Any CPU.Build.0 = Release|Any CPU
	EndGlobalSection
	GlobalSection(SolutionProperties) = preSolution
		HideSolutionNode = FALSE
	EndGlobalSection
	GlobalSection(ExtensibilityGlobals) = postSolution
		SolutionGuid = {450E9B03-4667-4BBF-908F-8DFBFD6E4799}
	EndGlobalSection
EndGlobal
